
Microsoft Visual Studio Solution File, Format Version 12.00
# Visual Studio Version 16
VisualStudioVersion = 16.0.30011.22
MinimumVisualStudioVersion = 10.0.40219.1
Project("{FAE04EC0-301F-11D3-BF4B-00C04F79EFBC}") = "RFIDSmartWarehouse", "RFIDSmartWarehouse\RFIDSmartWarehouse.csproj", "{256E5651-DF99-47BC-9E24-7491D7CEC0AB}"
EndProject
Global
	GlobalSection(SolutionConfigurationPlatforms) = preSolution
		Debug|Any CPU = Debug|Any CPU
		Release|Any CPU = Release|Any CPU
	EndGlobalSection
	GlobalSection(ProjectConfigurationPlatforms) = postSolution
		{256E5651-DF99-47BC-9E24-7491D7CEC0AB}.Debug|Any CPU.ActiveCfg = Debug|Any CPU
		{256E5651-DF99-47BC-9E24-7491D7CEC0AB}.Debug|Any CPU.Build.0 = Debug|Any CPU
		{256E5651-DF99-47BC-9E24-7491D7CEC0AB}.Release|Any CPU.ActiveCfg = Release|Any CPU
		{256E5651-DF99-47BC-9E24-7491D7CEC0AB}.Release|Any CPU.Build.0 = Release|Any CPU
	EndGlobalSection
	GlobalSection(SolutionProperties) = preSolution
		HideSolutionNode = FALSE
	EndGlobalSection
	GlobalSection(ExtensibilityGlobals) = postSolution
		SolutionGuid = {6D6E94E1-1BEC-449B-885C-CA86E2E7E4B6}
	EndGlobalSection
EndGlobal
